
Microsoft Visual Studio Solution File, Format Version 12.00
# Visual Studio Version 16
VisualStudioVersion = 16.0.31025.194
MinimumVisualStudioVersion = 10.0.40219.1
Project("{FAE04EC0-301F-11D3-BF4B-00C04F79EFBC}") = "WifiSifreleri", "WifiSifreleri\WifiSifreleri.csproj", "{C6CA4990-CC56-409A-A649-6215E15C7EE8}"
EndProject
Global
	GlobalSection(SolutionConfigurationPlatforms) = preSolution
		Debug|Any CPU = Debug|Any CPU
		Release|Any CPU = Release|Any CPU
	EndGlobalSection
	GlobalSection(ProjectConfigurationPlatforms) = postSolution
		{C6CA4990-CC56-409A-A649-6215E15C7EE8}.Debug|Any CPU.ActiveCfg = Debug|Any CPU
		{C6CA4990-CC56-409A-A649-6215E15C7EE8}.Debug|Any CPU.Build.0 = Debug|Any CPU
		{C6CA4990-CC56-409A-A649-6215E15C7EE8}.Release|Any CPU.ActiveCfg = Release|Any CPU
		{C6CA4990-CC56-409A-A649-6215E15C7EE8}.Release|Any CPU.Build.0 = Release|Any CPU
	EndGlobalSection
	GlobalSection(SolutionProperties) = preSolution
		HideSolutionNode = FALSE
	EndGlobalSection
	GlobalSection(ExtensibilityGlobals) = postSolution
		SolutionGuid = {AB349C4D-2A1C-44EF-B100-0EEBA0DA3432}
	EndGlobalSection
EndGlobal
